
Microsoft Visual Studio Solution File, Format Version 11.00
# Visual Studio 2010
Project("{8BC9CEB8-8B4A-11D0-8D11-00A0C91BC942}") = "anotherTest", "anotherTest\anotherTest.vcxproj", "{AB689864-C146-478C-B434-50BDF45BB568}"
EndProject
Global
	GlobalSection(SolutionConfigurationPlatforms) = preSolution
		Debug|Win32 = Debug|Win32
		Release|Win32 = Release|Win32
	EndGlobalSection
	GlobalSection(ProjectConfigurationPlatforms) = postSolution
		{AB689864-C146-478C-B434-50BDF45BB568}.Debug|Win32.ActiveCfg = Debug|Win32
		{AB689864-C146-478C-B434-50BDF45BB568}.Debug|Win32.Build.0 = Debug|Win32
		{AB689864-C146-478C-B434-50BDF45BB568}.Release|Win32.ActiveCfg = Release|Win32
		{AB689864-C146-478C-B434-50BDF45BB568}.Release|Win32.Build.0 = Release|Win32
	EndGlobalSection
	GlobalSection(SolutionProperties) = preSolution
		HideSolutionNode = FALSE
	EndGlobalSection
EndGlobal
